
Microsoft Visual Studio Solution File, Format Version 12.00
# Visual Studio Version 16
VisualStudioVersion = 16.0.31729.503
MinimumVisualStudioVersion = 10.0.40219.1
Project("{8BC9CEB8-8B4A-11D0-8D11-00A0C91BC942}") = "Zadatak1", "Zadatak1\Zadatak1.vcxproj", "{BF9754E7-E9E0-45A9-94D8-57E3B7E9C586}"
EndProject
Project("{8BC9CEB8-8B4A-11D0-8D11-00A0C91BC942}") = "Zadatak2", "Zadatak2\Zadatak2.vcxproj", "{0665B679-4414-4947-971F-136E1BEEED5E}"
EndProject
Global
	GlobalSection(SolutionConfigurationPlatforms) = preSolution
		Debug|x64 = Debug|x64
		Debug|x86 = Debug|x86
		Release|x64 = Release|x64
		Release|x86 = Release|x86
	EndGlobalSection
	GlobalSection(ProjectConfigurationPlatforms) = postSolution
		{BF9754E7-E9E0-45A9-94D8-57E3B7E9C586}.Debug|x64.ActiveCfg = Debug|x64
		{BF9754E7-E9E0-45A9-94D8-57E3B7E9C586}.Debug|x64.Build.0 = Debug|x64
		{BF9754E7-E9E0-45A9-94D8-57E3B7E9C586}.Debug|x86.ActiveCfg = Debug|Win32
		{BF9754E7-E9E0-45A9-94D8-57E3B7E9C586}.Debug|x86.Build.0 = Debug|Win32
		{BF9754E7-E9E0-45A9-94D8-57E3B7E9C586}.Release|x64.ActiveCfg = Release|x64
		{BF9754E7-E9E0-45A9-94D8-57E3B7E9C586}.Release|x64.Build.0 = Release|x64
		{BF9754E7-E9E0-45A9-94D8-57E3B7E9C586}.Release|x86.ActiveCfg = Release|Win32
		{BF9754E7-E9E0-45A9-94D8-57E3B7E9C586}.Release|x86.Build.0 = Release|Win32
		{0665B679-4414-4947-971F-136E1BEEED5E}.Debug|x64.ActiveCfg = Debug|x64
		{0665B679-4414-4947-971F-136E1BEEED5E}.Debug|x64.Build.0 = Debug|x64
		{0665B679-4414-4947-971F-136E1BEEED5E}.Debug|x86.ActiveCfg = Debug|Win32
		{0665B679-4414-4947-971F-136E1BEEED5E}.Debug|x86.Build.0 = Debug|Win32
		{0665B679-4414-4947-971F-136E1BEEED5E}.Release|x64.ActiveCfg = Release|x64
		{0665B679-4414-4947-971F-136E1BEEED5E}.Release|x64.Build.0 = Release|x64
		{0665B679-4414-4947-971F-136E1BEEED5E}.Release|x86.ActiveCfg = Release|Win32
		{0665B679-4414-4947-971F-136E1BEEED5E}.Release|x86.Build.0 = Release|Win32
	EndGlobalSection
	GlobalSection(SolutionProperties) = preSolution
		HideSolutionNode = FALSE
	EndGlobalSection
	GlobalSection(ExtensibilityGlobals) = postSolution
		SolutionGuid = {21B29063-B1ED-4BFB-8068-CE4C99BB12CF}
	EndGlobalSection
EndGlobal
